// !$*UTF8*$!
{
	archiveVersion = 1;
	classes = {
	};
	objectVersion = 46;
	objects = {

/* Begin PBXBuildFile section */
		42D897CF1CBC95F9005CC864 /* CRSA.m in Sources */ = {isa = PBXBuildFile; fileRef = 42D897CE1CBC95F9005CC864 /* CRSA.m */; };
		42D897D21CBC960E005CC864 /* AppDelegate.m in Sources */ = {isa = PBXBuildFile; fileRef = 42D897D11CBC960E005CC864 /* AppDelegate.m */; };
		8F052A7F1BDFC9E80025A369 /* main.m in Sources */ = {isa = PBXBuildFile; fileRef = 8F052A7E1BDFC9E80025A369 /* main.m */; };
		8F052A851BDFC9E80025A369 /* Open.xcdatamodeld in Sources */ = {isa = PBXBuildFile; fileRef = 8F052A831BDFC9E80025A369 /* Open.xcdatamodeld */; };
		8F052A881BDFC9E80025A369 /* ViewController.m in Sources */ = {isa = PBXBuildFile; fileRef = 8F052A871BDFC9E80025A369 /* ViewController.m */; };
		8F052A8B1BDFC9E80025A369 /* Main.storyboard in Resources */ = {isa = PBXBuildFile; fileRef = 8F052A891BDFC9E80025A369 /* Main.storyboard */; };
		8F052A8D1BDFC9E80025A369 /* Images.xcassets in Resources */ = {isa = PBXBuildFile; fileRef = 8F052A8C1BDFC9E80025A369 /* Images.xcassets */; };
		8F052A901BDFC9E80025A369 /* LaunchScreen.xib in Resources */ = {isa = PBXBuildFile; fileRef = 8F052A8E1BDFC9E80025A369 /* LaunchScreen.xib */; };
		8F052A9C1BDFC9E80025A369 /* OpenTests.m in Sources */ = {isa = PBXBuildFile; fileRef = 8F052A9B1BDFC9E80025A369 /* OpenTests.m */; };
		8F052BA11BDFD2F50025A369 /* libcrypto.a in Frameworks */ = {isa = PBXBuildFile; fileRef = 8F052B531BDFD2F50025A369 /* libcrypto.a */; };
		8F052BA21BDFD2F50025A369 /* libssl.a in Frameworks */ = {isa = PBXBuildFile; fileRef = 8F052B541BDFD2F50025A369 /* libssl.a */; };
		8F052BA71BDFD5670025A369 /* Base64.m in Sources */ = {isa = PBXBuildFile; fileRef = 8F052BA41BDFD5670025A369 /* Base64.m */; };
/* End PBXBuildFile section */

/* Begin PBXContainerItemProxy section */
		8F052A961BDFC9E80025A369 /* PBXContainerItemProxy */ = {
			isa = PBXContainerItemProxy;
			containerPortal = 8F052A711BDFC9E70025A369 /* Project object */;
			proxyType = 1;
			remoteGlobalIDString = 8F052A781BDFC9E70025A369;
			remoteInfo = Open;
		};
/* End PBXContainerItemProxy section */

/* Begin PBXFileReference section */
		42D897CD1CBC95F9005CC864 /* CRSA.h */ = {isa = PBXFileReference; fileEncoding = 4; lastKnownFileType = sourcecode.c.h; path = CRSA.h; sourceTree = "<group>"; };
		42D897CE1CBC95F9005CC864 /* CRSA.m */ = {isa = PBXFileReference; fileEncoding = 4; lastKnownFileType = sourcecode.c.objc; path = CRSA.m; sourceTree = "<group>"; };
		42D897D01CBC960E005CC864 /* AppDelegate.h */ = {isa = PBXFileReference; fileEncoding = 4; lastKnownFileType = sourcecode.c.h; path = AppDelegate.h; sourceTree = "<group>"; };
		42D897D11CBC960E005CC864 /* AppDelegate.m */ = {isa = PBXFileReference; fileEncoding = 4; lastKnownFileType = sourcecode.c.objc; path = AppDelegate.m; sourceTree = "<group>"; };
		8F052A791BDFC9E70025A369 /* Open.app */ = {isa = PBXFileReference; explicitFileType = wrapper.application; includeInIndex = 0; path = Open.app; sourceTree = BUILT_PRODUCTS_DIR; };
		8F052A7D1BDFC9E80025A369 /* Info.plist */ = {isa = PBXFileReference; lastKnownFileType = text.plist.xml; path = Info.plist; sourceTree = "<group>"; };
		8F052A7E1BDFC9E80025A369 /* main.m */ = {isa = PBXFileReference; lastKnownFileType = sourcecode.c.objc; path = main.m; sourceTree = "<group>"; };
		8F052A841BDFC9E80025A369 /* Open.xcdatamodel */ = {isa = PBXFileReference; lastKnownFileType = wrapper.xcdatamodel; path = Open.xcdatamodel; sourceTree = "<group>"; };
		8F052A861BDFC9E80025A369 /* ViewController.h */ = {isa = PBXFileReference; lastKnownFileType = sourcecode.c.h; path = ViewController.h; sourceTree = "<group>"; };
		8F052A871BDFC9E80025A369 /* ViewController.m */ = {isa = PBXFileReference; lastKnownFileType = sourcecode.c.objc; path = ViewController.m; sourceTree = "<group>"; };
		8F052A8A1BDFC9E80025A369 /* Base */ = {isa = PBXFileReference; lastKnownFileType = file.storyboard; name = Base; path = Base.lproj/Main.storyboard; sourceTree = "<group>"; };
		8F052A8C1BDFC9E80025A369 /* Images.xcassets */ = {isa = PBXFileReference; lastKnownFileType = folder.assetcatalog; path = Images.xcassets; sourceTree = "<group>"; };
		8F052A8F1BDFC9E80025A369 /* Base */ = {isa = PBXFileReference; lastKnownFileType = file.xib; name = Base; path = Base.lproj/LaunchScreen.xib; sourceTree = "<group>"; };
		8F052A951BDFC9E80025A369 /* OpenTests.xctest */ = {isa = PBXFileReference; explicitFileType = wrapper.cfbundle; includeInIndex = 0; path = OpenTests.xctest; sourceTree = BUILT_PRODUCTS_DIR; };
		8F052A9A1BDFC9E80025A369 /* Info.plist */ = {isa = PBXFileReference; lastKnownFileType = text.plist.xml; path = Info.plist; sourceTree = "<group>"; };
		8F052A9B1BDFC9E80025A369 /* OpenTests.m */ = {isa = PBXFileReference; lastKnownFileType = sourcecode.c.objc; path = OpenTests.m; sourceTree = "<group>"; };
		8F052B531BDFD2F50025A369 /* libcrypto.a */ = {isa = PBXFileReference; lastKnownFileType = archive.ar; path = libcrypto.a; sourceTree = "<group>"; };
		8F052B541BDFD2F50025A369 /* libssl.a */ = {isa = PBXFileReference; lastKnownFileType = archive.ar; path = libssl.a; sourceTree = "<group>"; };
		8F052B561BDFD2F50025A369 /* aes.h */ = {isa = PBXFileReference; fileEncoding = 4; lastKnownFileType = sourcecode.c.h; path = aes.h; sourceTree = "<group>"; };
		8F052B571BDFD2F50025A369 /* asn1.h */ = {isa = PBXFileReference; fileEncoding = 4; lastKnownFileType = sourcecode.c.h; path = asn1.h; sourceTree = "<group>"; };
		8F052B581BDFD2F50025A369 /* asn1_mac.h */ = {isa = PBXFileReference; fileEncoding = 4; lastKnownFileType = sourcecode.c.h; path = asn1_mac.h; sourceTree = "<group>"; };
		8F052B591BDFD2F50025A369 /* asn1t.h */ = {isa = PBXFileReference; fileEncoding = 4; lastKnownFileType = sourcecode.c.h; path = asn1t.h; sourceTree = "<group>"; };
		8F052B5A1BDFD2F50025A369 /* bio.h */ = {isa = PBXFileReference; fileEncoding = 4; lastKnownFileType = sourcecode.c.h; path = bio.h; sourceTree = "<group>"; };
		8F052B5B1BDFD2F50025A369 /* blowfish.h */ = {isa = PBXFileReference; fileEncoding = 4; lastKnownFileType = sourcecode.c.h; path = blowfish.h; sourceTree = "<group>"; };
		8F052B5C1BDFD2F50025A369 /* bn.h */ = {isa = PBXFileReference; fileEncoding = 4; lastKnownFileType = sourcecode.c.h; path = bn.h; sourceTree = "<group>"; };
		8F052B5D1BDFD2F50025A369 /* buffer.h */ = {isa = PBXFileReference; fileEncoding = 4; lastKnownFileType = sourcecode.c.h; path = buffer.h; sourceTree = "<group>"; };
		8F052B5E1BDFD2F50025A369 /* camellia.h */ = {isa = PBXFileReference; fileEncoding = 4; lastKnownFileType = sourcecode.c.h; path = camellia.h; sourceTree = "<group>"; };
		8F052B5F1BDFD2F50025A369 /* cast.h */ = {isa = PBXFileReference; fileEncoding = 4; lastKnownFileType = sourcecode.c.h; path = cast.h; sourceTree = "<group>"; };
		8F052B601BDFD2F50025A369 /* cmac.h */ = {isa = PBXFileReference; fileEncoding = 4; lastKnownFileType = sourcecode.c.h; path = cmac.h; sourceTree = "<group>"; };
		8F052B611BDFD2F50025A369 /* cms.h */ = {isa = PBXFileReference; fileEncoding = 4; lastKnownFileType = sourcecode.c.h; path = cms.h; sourceTree = "<group>"; };
		8F052B621BDFD2F50025A369 /* comp.h */ = {isa = PBXFileReference; fileEncoding = 4; lastKnownFileType = sourcecode.c.h; path = comp.h; sourceTree = "<group>"; };
		8F052B631BDFD2F50025A369 /* conf.h */ = {isa = PBXFileReference; fileEncoding = 4; lastKnownFileType = sourcecode.c.h; path = conf.h; sourceTree = "<group>"; };
		8F052B641BDFD2F50025A369 /* conf_api.h */ = {isa = PBXFileReference; fileEncoding = 4; lastKnownFileType = sourcecode.c.h; path = conf_api.h; sourceTree = "<group>"; };
		8F052B651BDFD2F50025A369 /* crypto.h */ = {isa = PBXFileReference; fileEncoding = 4; lastKnownFileType = sourcecode.c.h; path = crypto.h; sourceTree = "<group>"; };
		8F052B661BDFD2F50025A369 /* des.h */ = {isa = PBXFileReference; fileEncoding = 4; lastKnownFileType = sourcecode.c.h; path = des.h; sourceTree = "<group>"; };
		8F052B671BDFD2F50025A369 /* des_old.h */ = {isa = PBXFileReference; fileEncoding = 4; lastKnownFileType = sourcecode.c.h; path = des_old.h; sourceTree = "<group>"; };
		8F052B681BDFD2F50025A369 /* dh.h */ = {isa = PBXFileReference; fileEncoding = 4; lastKnownFileType = sourcecode.c.h; path = dh.h; sourceTree = "<group>"; };
		8F052B691BDFD2F50025A369 /* dsa.h */ = {isa = PBXFileReference; fileEncoding = 4; lastKnownFileType = sourcecode.c.h; path = dsa.h; sourceTree = "<group>"; };
		8F052B6A1BDFD2F50025A369 /* dso.h */ = {isa = PBXFileReference; fileEncoding = 4; lastKnownFileType = sourcecode.c.h; path = dso.h; sourceTree = "<group>"; };
		8F052B6B1BDFD2F50025A369 /* dtls1.h */ = {isa = PBXFileReference; fileEncoding = 4; lastKnownFileType = sourcecode.c.h; path = dtls1.h; sourceTree = "<group>"; };
		8F052B6C1BDFD2F50025A369 /* e_os2.h */ = {isa = PBXFileReference; fileEncoding = 4; lastKnownFileType = sourcecode.c.h; path = e_os2.h; sourceTree = "<group>"; };
		8F052B6D1BDFD2F50025A369 /* ebcdic.h */ = {isa = PBXFileReference; fileEncoding = 4; lastKnownFileType = sourcecode.c.h; path = ebcdic.h; sourceTree = "<group>"; };
		8F052B6E1BDFD2F50025A369 /* ec.h */ = {isa = PBXFileReference; fileEncoding = 4; lastKnownFileType = sourcecode.c.h; path = ec.h; sourceTree = "<group>"; };
		8F052B6F1BDFD2F50025A369 /* ecdh.h */ = {isa = PBXFileReference; fileEncoding = 4; lastKnownFileType = sourcecode.c.h; path = ecdh.h; sourceTree = "<group>"; };
		8F052B701BDFD2F50025A369 /* ecdsa.h */ = {isa = PBXFileReference; fileEncoding = 4; lastKnownFileType = sourcecode.c.h; path = ecdsa.h; sourceTree = "<group>"; };
		8F052B711BDFD2F50025A369 /* engine.h */ = {isa = PBXFileReference; fileEncoding = 4; lastKnownFileType = sourcecode.c.h; path = engine.h; sourceTree = "<group>"; };
		8F052B721BDFD2F50025A369 /* err.h */ = {isa = PBXFileReference; fileEncoding = 4; lastKnownFileType = sourcecode.c.h; path = err.h; sourceTree = "<group>"; };
		8F052B731BDFD2F50025A369 /* evp.h */ = {isa = PBXFileReference; fileEncoding = 4; lastKnownFileType = sourcecode.c.h; path = evp.h; sourceTree = "<group>"; };
		8F052B741BDFD2F50025A369 /* hmac.h */ = {isa = PBXFileReference; fileEncoding = 4; lastKnownFileType = sourcecode.c.h; path = hmac.h; sourceTree = "<group>"; };
		8F052B751BDFD2F50025A369 /* idea.h */ = {isa = PBXFileReference; fileEncoding = 4; lastKnownFileType = sourcecode.c.h; path = idea.h; sourceTree = "<group>"; };
		8F052B761BDFD2F50025A369 /* krb5_asn.h */ = {isa = PBXFileReference; fileEncoding = 4; lastKnownFileType = sourcecode.c.h; path = krb5_asn.h; sourceTree = "<group>"; };
		8F052B771BDFD2F50025A369 /* kssl.h */ = {isa = PBXFileReference; fileEncoding = 4; lastKnownFileType = sourcecode.c.h; path = kssl.h; sourceTree = "<group>"; };
		8F052B781BDFD2F50025A369 /* lhash.h */ = {isa = PBXFileReference; fileEncoding = 4; lastKnownFileType = sourcecode.c.h; path = lhash.h; sourceTree = "<group>"; };
		8F052B791BDFD2F50025A369 /* md4.h */ = {isa = PBXFileReference; fileEncoding = 4; lastKnownFileType = sourcecode.c.h; path = md4.h; sourceTree = "<group>"; };
		8F052B7A1BDFD2F50025A369 /* md5.h */ = {isa = PBXFileReference; fileEncoding = 4; lastKnownFileType = sourcecode.c.h; path = md5.h; sourceTree = "<group>"; };
		8F052B7B1BDFD2F50025A369 /* mdc2.h */ = {isa = PBXFileReference; fileEncoding = 4; lastKnownFileType = sourcecode.c.h; path = mdc2.h; sourceTree = "<group>"; };
		8F052B7C1BDFD2F50025A369 /* modes.h */ = {isa = PBXFileReference; fileEncoding = 4; lastKnownFileType = sourcecode.c.h; path = modes.h; sourceTree = "<group>"; };
		8F052B7D1BDFD2F50025A369 /* obj_mac.h */ = {isa = PBXFileReference; fileEncoding = 4; lastKnownFileType = sourcecode.c.h; path = obj_mac.h; sourceTree = "<group>"; };
		8F052B7E1BDFD2F50025A369 /* objects.h */ = {isa = PBXFileReference; fileEncoding = 4; lastKnownFileType = sourcecode.c.h; path = objects.h; sourceTree = "<group>"; };
		8F052B7F1BDFD2F50025A369 /* ocsp.h */ = {isa = PBXFileReference; fileEncoding = 4; lastKnownFileType = sourcecode.c.h; path = ocsp.h; sourceTree = "<group>"; };
		8F052B801BDFD2F50025A369 /* opensslconf.h */ = {isa = PBXFileReference; fileEncoding = 4; lastKnownFileType = sourcecode.c.h; path = opensslconf.h; sourceTree = "<group>"; };
		8F052B811BDFD2F50025A369 /* opensslv.h */ = {isa = PBXFileReference; fileEncoding = 4; lastKnownFileType = sourcecode.c.h; path = opensslv.h; sourceTree = "<group>"; };
		8F052B821BDFD2F50025A369 /* ossl_typ.h */ = {isa = PBXFileReference; fileEncoding = 4; lastKnownFileType = sourcecode.c.h; path = ossl_typ.h; sourceTree = "<group>"; };
		8F052B831BDFD2F50025A369 /* pem.h */ = {isa = PBXFileReference; fileEncoding = 4; lastKnownFileType = sourcecode.c.h; path = pem.h; sourceTree = "<group>"; };
		8F052B841BDFD2F50025A369 /* pem2.h */ = {isa = PBXFileReference; fileEncoding = 4; lastKnownFileType = sourcecode.c.h; path = pem2.h; sourceTree = "<group>"; };
		8F052B851BDFD2F50025A369 /* pkcs12.h */ = {isa = PBXFileReference; fileEncoding = 4; lastKnownFileType = sourcecode.c.h; path = pkcs12.h; sourceTree = "<group>"; };
		8F052B861BDFD2F50025A369 /* pkcs7.h */ = {isa = PBXFileReference; fileEncoding = 4; lastKnownFileType = sourcecode.c.h; path = pkcs7.h; sourceTree = "<group>"; };
		8F052B871BDFD2F50025A369 /* pqueue.h */ = {isa = PBXFileReference; fileEncoding = 4; lastKnownFileType = sourcecode.c.h; path = pqueue.h; sourceTree = "<group>"; };
		8F052B881BDFD2F50025A369 /* rand.h */ = {isa = PBXFileReference; fileEncoding = 4; lastKnownFileType = sourcecode.c.h; path = rand.h; sourceTree = "<group>"; };
		8F052B891BDFD2F50025A369 /* rc2.h */ = {isa = PBXFileReference; fileEncoding = 4; lastKnownFileType = sourcecode.c.h; path = rc2.h; sourceTree = "<group>"; };
		8F052B8A1BDFD2F50025A369 /* rc4.h */ = {isa = PBXFileReference; fileEncoding = 4; lastKnownFileType = sourcecode.c.h; path = rc4.h; sourceTree = "<group>"; };
		8F052B8B1BDFD2F50025A369 /* ripemd.h */ = {isa = PBXFileReference; fileEncoding = 4; lastKnownFileType = sourcecode.c.h; path = ripemd.h; sourceTree = "<group>"; };
		8F052B8C1BDFD2F50025A369 /* rsa.h */ = {isa = PBXFileReference; fileEncoding = 4; lastKnownFileType = sourcecode.c.h; path = rsa.h; sourceTree = "<group>"; };
		8F052B8D1BDFD2F50025A369 /* safestack.h */ = {isa = PBXFileReference; fileEncoding = 4; lastKnownFileType = sourcecode.c.h; path = safestack.h; sourceTree = "<group>"; };
		8F052B8E1BDFD2F50025A369 /* seed.h */ = {isa = PBXFileReference; fileEncoding = 4; lastKnownFileType = sourcecode.c.h; path = seed.h; sourceTree = "<group>"; };
		8F052B8F1BDFD2F50025A369 /* sha.h */ = {isa = PBXFileReference; fileEncoding = 4; lastKnownFileType = sourcecode.c.h; path = sha.h; sourceTree = "<group>"; };
		8F052B901BDFD2F50025A369 /* srp.h */ = {isa = PBXFileReference; fileEncoding = 4; lastKnownFileType = sourcecode.c.h; path = srp.h; sourceTree = "<group>"; };
		8F052B911BDFD2F50025A369 /* srtp.h */ = {isa = PBXFileReference; fileEncoding = 4; lastKnownFileType = sourcecode.c.h; path = srtp.h; sourceTree = "<group>"; };
		8F052B921BDFD2F50025A369 /* ssl.h */ = {isa = PBXFileReference; fileEncoding = 4; lastKnownFileType = sourcecode.c.h; path = ssl.h; sourceTree = "<group>"; };
		8F052B931BDFD2F50025A369 /* ssl2.h */ = {isa = PBXFileReference; fileEncoding = 4; lastKnownFileType = sourcecode.c.h; path = ssl2.h; sourceTree = "<group>"; };
		8F052B941BDFD2F50025A369 /* ssl23.h */ = {isa = PBXFileReference; fileEncoding = 4; lastKnownFileType = sourcecode.c.h; path = ssl23.h; sourceTree = "<group>"; };
		8F052B951BDFD2F50025A369 /* ssl3.h */ = {isa = PBXFileReference; fileEncoding = 4; lastKnownFileType = sourcecode.c.h; path = ssl3.h; sourceTree = "<group>"; };
		8F052B961BDFD2F50025A369 /* stack.h */ = {isa = PBXFileReference; fileEncoding = 4; lastKnownFileType = sourcecode.c.h; path = stack.h; sourceTree = "<group>"; };
		8F052B971BDFD2F50025A369 /* symhacks.h */ = {isa = PBXFileReference; fileEncoding = 4; lastKnownFileType = sourcecode.c.h; path = symhacks.h; sourceTree = "<group>"; };
		8F052B981BDFD2F50025A369 /* tls1.h */ = {isa = PBXFileReference; fileEncoding = 4; lastKnownFileType = sourcecode.c.h; path = tls1.h; sourceTree = "<group>"; };
		8F052B991BDFD2F50025A369 /* ts.h */ = {isa = PBXFileReference; fileEncoding = 4; lastKnownFileType = sourcecode.c.h; path = ts.h; sourceTree = "<group>"; };
		8F052B9A1BDFD2F50025A369 /* txt_db.h */ = {isa = PBXFileReference; fileEncoding = 4; lastKnownFileType = sourcecode.c.h; path = txt_db.h; sourceTree = "<group>"; };
		8F052B9B1BDFD2F50025A369 /* ui.h */ = {isa = PBXFileReference; fileEncoding = 4; lastKnownFileType = sourcecode.c.h; path = ui.h; sourceTree = "<group>"; };
		8F052B9C1BDFD2F50025A369 /* ui_compat.h */ = {isa = PBXFileReference; fileEncoding = 4; lastKnownFileType = sourcecode.c.h; path = ui_compat.h; sourceTree = "<group>"; };
		8F052B9D1BDFD2F50025A369 /* whrlpool.h */ = {isa = PBXFileReference; fileEncoding = 4; lastKnownFileType = sourcecode.c.h; path = whrlpool.h; sourceTree = "<group>"; };
		8F052B9E1BDFD2F50025A369 /* x509.h */ = {isa = PBXFileReference; fileEncoding = 4; lastKnownFileType = sourcecode.c.h; path = x509.h; sourceTree = "<group>"; };
		8F052B9F1BDFD2F50025A369 /* x509_vfy.h */ = {isa = PBXFileReference; fileEncoding = 4; lastKnownFileType = sourcecode.c.h; path = x509_vfy.h; sourceTree = "<group>"; };
		8F052BA01BDFD2F50025A369 /* x509v3.h */ = {isa = PBXFileReference; fileEncoding = 4; lastKnownFileType = sourcecode.c.h; path = x509v3.h; sourceTree = "<group>"; };
		8F052BA31BDFD5670025A369 /* Base64.h */ = {isa = PBXFileReference; fileEncoding = 4; lastKnownFileType = sourcecode.c.h; path = Base64.h; sourceTree = "<group>"; };
		8F052BA41BDFD5670025A369 /* Base64.m */ = {isa = PBXFileReference; fileEncoding = 4; lastKnownFileType = sourcecode.c.objc; path = Base64.m; sourceTree = "<group>"; };
/* End PBXFileReference section */

/* Begin PBXFrameworksBuildPhase section */
		8F052A761BDFC9E70025A369 /* Frameworks */ = {
			isa = PBXFrameworksBuildPhase;
			buildActionMask = 2147483647;
			files = (
				8F052BA21BDFD2F50025A369 /* libssl.a in Frameworks */,
				8F052BA11BDFD2F50025A369 /* libcrypto.a in Frameworks */,
			);
			runOnlyForDeploymentPostprocessing = 0;
		};
		8F052A921BDFC9E80025A369 /* Frameworks */ = {
			isa = PBXFrameworksBuildPhase;
			buildActionMask = 2147483647;
			files = (
			);
			runOnlyForDeploymentPostprocessing = 0;
		};
/* End PBXFrameworksBuildPhase section */

/* Begin PBXGroup section */
		8F052A701BDFC9E70025A369 = {
			isa = PBXGroup;
			children = (
				8F052A7B1BDFC9E70025A369 /* Open */,
				8F052A981BDFC9E80025A369 /* OpenTests */,
				8F052A7A1BDFC9E70025A369 /* Products */,
			);
			sourceTree = "<group>";
		};
		8F052A7A1BDFC9E70025A369 /* Products */ = {
			isa = PBXGroup;
			children = (
				8F052A791BDFC9E70025A369 /* Open.app */,
				8F052A951BDFC9E80025A369 /* OpenTests.xctest */,
			);
			name = Products;
			sourceTree = "<group>";
		};
		8F052A7B1BDFC9E70025A369 /* Open */ = {
			isa = PBXGroup;
			children = (
				8F052BA31BDFD5670025A369 /* Base64.h */,
				8F052BA41BDFD5670025A369 /* Base64.m */,
				42D897CD1CBC95F9005CC864 /* CRSA.h */,
				42D897CE1CBC95F9005CC864 /* CRSA.m */,
				42D897D01CBC960E005CC864 /* AppDelegate.h */,
				42D897D11CBC960E005CC864 /* AppDelegate.m */,
				8F052B521BDFD2F50025A369 /* include */,
				8F052A861BDFC9E80025A369 /* ViewController.h */,
				8F052A871BDFC9E80025A369 /* ViewController.m */,
				8F052A891BDFC9E80025A369 /* Main.storyboard */,
				8F052A8C1BDFC9E80025A369 /* Images.xcassets */,
				8F052A8E1BDFC9E80025A369 /* LaunchScreen.xib */,
				8F052A831BDFC9E80025A369 /* Open.xcdatamodeld */,
				8F052A7C1BDFC9E80025A369 /* Supporting Files */,
			);
			path = Open;
			sourceTree = "<group>";
		};
		8F052A7C1BDFC9E80025A369 /* Supporting Files */ = {
			isa = PBXGroup;
			children = (
				8F052A7D1BDFC9E80025A369 /* Info.plist */,
				8F052A7E1BDFC9E80025A369 /* main.m */,
			);
			name = "Supporting Files";
			sourceTree = "<group>";
		};
		8F052A981BDFC9E80025A369 /* OpenTests */ = {
			isa = PBXGroup;
			children = (
				8F052A9B1BDFC9E80025A369 /* OpenTests.m */,
				8F052A991BDFC9E80025A369 /* Supporting Files */,
			);
			path = OpenTests;
			sourceTree = "<group>";
		};
		8F052A991BDFC9E80025A369 /* Supporting Files */ = {
			isa = PBXGroup;
			children = (
				8F052A9A1BDFC9E80025A369 /* Info.plist */,
			);
			name = "Supporting Files";
			sourceTree = "<group>";
		};
		8F052B521BDFD2F50025A369 /* include */ = {
			isa = PBXGroup;
			children = (
				8F052B531BDFD2F50025A369 /* libcrypto.a */,
				8F052B541BDFD2F50025A369 /* libssl.a */,
				8F052B551BDFD2F50025A369 /* openssl */,
			);
			path = include;
			sourceTree = "<group>";
		};
		8F052B551BDFD2F50025A369 /* openssl */ = {
			isa = PBXGroup;
			children = (
				8F052B561BDFD2F50025A369 /* aes.h */,
				8F052B571BDFD2F50025A369 /* asn1.h */,
				8F052B581BDFD2F50025A369 /* asn1_mac.h */,
				8F052B591BDFD2F50025A369 /* asn1t.h */,
				8F052B5A1BDFD2F50025A369 /* bio.h */,
				8F052B5B1BDFD2F50025A369 /* blowfish.h */,
				8F052B5C1BDFD2F50025A369 /* bn.h */,
				8F052B5D1BDFD2F50025A369 /* buffer.h */,
				8F052B5E1BDFD2F50025A369 /* camellia.h */,
				8F052B5F1BDFD2F50025A369 /* cast.h */,
				8F052B601BDFD2F50025A369 /* cmac.h */,
				8F052B611BDFD2F50025A369 /* cms.h */,
				8F052B621BDFD2F50025A369 /* comp.h */,
				8F052B631BDFD2F50025A369 /* conf.h */,
				8F052B641BDFD2F50025A369 /* conf_api.h */,
				8F052B651BDFD2F50025A369 /* crypto.h */,
				8F052B661BDFD2F50025A369 /* des.h */,
				8F052B671BDFD2F50025A369 /* des_old.h */,
				8F052B681BDFD2F50025A369 /* dh.h */,
				8F052B691BDFD2F50025A369 /* dsa.h */,
				8F052B6A1BDFD2F50025A369 /* dso.h */,
				8F052B6B1BDFD2F50025A369 /* dtls1.h */,
				8F052B6C1BDFD2F50025A369 /* e_os2.h */,
				8F052B6D1BDFD2F50025A369 /* ebcdic.h */,
				8F052B6E1BDFD2F50025A369 /* ec.h */,
				8F052B6F1BDFD2F50025A369 /* ecdh.h */,
				8F052B701BDFD2F50025A369 /* ecdsa.h */,
				8F052B711BDFD2F50025A369 /* engine.h */,
				8F052B721BDFD2F50025A369 /* err.h */,
				8F052B731BDFD2F50025A369 /* evp.h */,
				8F052B741BDFD2F50025A369 /* hmac.h */,
				8F052B751BDFD2F50025A369 /* idea.h */,
				8F052B761BDFD2F50025A369 /* krb5_asn.h */,
				8F052B771BDFD2F50025A369 /* kssl.h */,
				8F052B781BDFD2F50025A369 /* lhash.h */,
				8F052B791BDFD2F50025A369 /* md4.h */,
				8F052B7A1BDFD2F50025A369 /* md5.h */,
				8F052B7B1BDFD2F50025A369 /* mdc2.h */,
				8F052B7C1BDFD2F50025A369 /* modes.h */,
				8F052B7D1BDFD2F50025A369 /* obj_mac.h */,
				8F052B7E1BDFD2F50025A369 /* objects.h */,
				8F052B7F1BDFD2F50025A369 /* ocsp.h */,
				8F052B801BDFD2F50025A369 /* opensslconf.h */,
				8F052B811BDFD2F50025A369 /* opensslv.h */,
				8F052B821BDFD2F50025A369 /* ossl_typ.h */,
				8F052B831BDFD2F50025A369 /* pem.h */,
				8F052B841BDFD2F50025A369 /* pem2.h */,
				8F052B851BDFD2F50025A369 /* pkcs12.h */,
				8F052B861BDFD2F50025A369 /* pkcs7.h */,
				8F052B871BDFD2F50025A369 /* pqueue.h */,
				8F052B881BDFD2F50025A369 /* rand.h */,
				8F052B891BDFD2F50025A369 /* rc2.h */,
				8F052B8A1BDFD2F50025A369 /* rc4.h */,
				8F052B8B1BDFD2F50025A369 /* ripemd.h */,
				8F052B8C1BDFD2F50025A369 /* rsa.h */,
				8F052B8D1BDFD2F50025A369 /* safestack.h */,
				8F052B8E1BDFD2F50025A369 /* seed.h */,
				8F052B8F1BDFD2F50025A369 /* sha.h */,
				8F052B901BDFD2F50025A369 /* srp.h */,
				8F052B911BDFD2F50025A369 /* srtp.h */,
				8F052B921BDFD2F50025A369 /* ssl.h */,
				8F052B931BDFD2F50025A369 /* ssl2.h */,
				8F052B941BDFD2F50025A369 /* ssl23.h */,
				8F052B951BDFD2F50025A369 /* ssl3.h */,
				8F052B961BDFD2F50025A369 /* stack.h */,
				8F052B971BDFD2F50025A369 /* symhacks.h */,
				8F052B981BDFD2F50025A369 /* tls1.h */,
				8F052B991BDFD2F50025A369 /* ts.h */,
				8F052B9A1BDFD2F50025A369 /* txt_db.h */,
				8F052B9B1BDFD2F50025A369 /* ui.h */,
				8F052B9C1BDFD2F50025A369 /* ui_compat.h */,
				8F052B9D1BDFD2F50025A369 /* whrlpool.h */,
				8F052B9E1BDFD2F50025A369 /* x509.h */,
				8F052B9F1BDFD2F50025A369 /* x509_vfy.h */,
				8F052BA01BDFD2F50025A369 /* x509v3.h */,
			);
			path = openssl;
			sourceTree = "<group>";
		};
/* End PBXGroup section */

/* Begin PBXNativeTarget section */
		8F052A781BDFC9E70025A369 /* Open */ = {
			isa = PBXNativeTarget;
			buildConfigurationList = 8F052A9F1BDFC9E80025A369 /* Build configuration list for PBXNativeTarget "Open" */;
			buildPhases = (
				8F052A751BDFC9E70025A369 /* Sources */,
				8F052A761BDFC9E70025A369 /* Frameworks */,
				8F052A771BDFC9E70025A369 /* Resources */,
			);
			buildRules = (
			);
			dependencies = (
			);
			name = Open;
			productName = Open;
			productReference = 8F052A791BDFC9E70025A369 /* Open.app */;
			productType = "com.apple.product-type.application";
		};
		8F052A941BDFC9E80025A369 /* OpenTests */ = {
			isa = PBXNativeTarget;
			buildConfigurationList = 8F052AA21BDFC9E80025A369 /* Build configuration list for PBXNativeTarget "OpenTests" */;
			buildPhases = (
				8F052A911BDFC9E80025A369 /* Sources */,
				8F052A921BDFC9E80025A369 /* Frameworks */,
				8F052A931BDFC9E80025A369 /* Resources */,
			);
			buildRules = (
			);
			dependencies = (
				8F052A971BDFC9E80025A369 /* PBXTargetDependency */,
			);
			name = OpenTests;
			productName = OpenTests;
			productReference = 8F052A951BDFC9E80025A369 /* OpenTests.xctest */;
			productType = "com.apple.product-type.bundle.unit-test";
		};
/* End PBXNativeTarget section */

/* Begin PBXProject section */
		8F052A711BDFC9E70025A369 /* Project object */ = {
			isa = PBXProject;
			attributes = {
				LastUpgradeCheck = 0640;
				ORGANIZATIONNAME = Afer;
				TargetAttributes = {
					8F052A781BDFC9E70025A369 = {
						CreatedOnToolsVersion = 6.4;
					};
					8F052A941BDFC9E80025A369 = {
						CreatedOnToolsVersion = 6.4;
						TestTargetID = 8F052A781BDFC9E70025A369;
					};
				};
			};
			buildConfigurationList = 8F052A741BDFC9E70025A369 /* Build configuration list for PBXProject "Open" */;
			compatibilityVersion = "Xcode 3.2";
			developmentRegion = English;
			hasScannedForEncodings = 0;
			knownRegions = (
				en,
				Base,
			);
			mainGroup = 8F052A701BDFC9E70025A369;
			productRefGroup = 8F052A7A1BDFC9E70025A369 /* Products */;
			projectDirPath = "";
			projectRoot = "";
			targets = (
				8F052A781BDFC9E70025A369 /* Open */,
				8F052A941BDFC9E80025A369 /* OpenTests */,
			);
		};
/* End PBXProject section */

/* Begin PBXResourcesBuildPhase section */
		8F052A771BDFC9E70025A369 /* Resources */ = {
			isa = PBXResourcesBuildPhase;
			buildActionMask = 2147483647;
			files = (
				8F052A8B1BDFC9E80025A369 /* Main.storyboard in Resources */,
				8F052A901BDFC9E80025A369 /* LaunchScreen.xib in Resources */,
				8F052A8D1BDFC9E80025A369 /* Images.xcassets in Resources */,
			);
			runOnlyForDeploymentPostprocessing = 0;
		};
		8F052A931BDFC9E80025A369 /* Resources */ = {
			isa = PBXResourcesBuildPhase;
			buildActionMask = 2147483647;
			files = (
			);
			runOnlyForDeploymentPostprocessing = 0;
		};
/* End PBXResourcesBuildPhase section */

/* Begin PBXSourcesBuildPhase section */
		8F052A751BDFC9E70025A369 /* Sources */ = {
			isa = PBXSourcesBuildPhase;
			buildActionMask = 2147483647;
			files = (
				42D897CF1CBC95F9005CC864 /* CRSA.m in Sources */,
				8F052BA71BDFD5670025A369 /* Base64.m in Sources */,
				42D897D21CBC960E005CC864 /* AppDelegate.m in Sources */,
				8F052A7F1BDFC9E80025A369 /* main.m in Sources */,
				8F052A881BDFC9E80025A369 /* ViewController.m in Sources */,
				8F052A851BDFC9E80025A369 /* Open.xcdatamodeld in Sources */,
			);
			runOnlyForDeploymentPostprocessing = 0;
		};
		8F052A911BDFC9E80025A369 /* Sources */ = {
			isa = PBXSourcesBuildPhase;
			buildActionMask = 2147483647;
			files = (
				8F052A9C1BDFC9E80025A369 /* OpenTests.m in Sources */,
			);
			runOnlyForDeploymentPostprocessing = 0;
		};
/* End PBXSourcesBuildPhase section */

/* Begin PBXTargetDependency section */
		8F052A971BDFC9E80025A369 /* PBXTargetDependency */ = {
			isa = PBXTargetDependency;
			target = 8F052A781BDFC9E70025A369 /* Open */;
			targetProxy = 8F052A961BDFC9E80025A369 /* PBXContainerItemProxy */;
		};
/* End PBXTargetDependency section */

/* Begin PBXVariantGroup section */
		8F052A891BDFC9E80025A369 /* Main.storyboard */ = {
			isa = PBXVariantGroup;
			children = (
				8F052A8A1BDFC9E80025A369 /* Base */,
			);
			name = Main.storyboard;
			sourceTree = "<group>";
		};
		8F052A8E1BDFC9E80025A369 /* LaunchScreen.xib */ = {
			isa = PBXVariantGroup;
			children = (
				8F052A8F1BDFC9E80025A369 /* Base */,
			);
			name = LaunchScreen.xib;
			sourceTree = "<group>";
		};
/* End PBXVariantGroup section */

/* Begin XCBuildConfiguration section */
		8F052A9D1BDFC9E80025A369 /* Debug */ = {
			isa = XCBuildConfiguration;
			buildSettings = {
				ALWAYS_SEARCH_USER_PATHS = NO;
				CLANG_CXX_LANGUAGE_STANDARD = "gnu++0x";
				CLANG_CXX_LIBRARY = "libc++";
				CLANG_ENABLE_MODULES = YES;
				CLANG_ENABLE_OBJC_ARC = YES;
				CLANG_WARN_BOOL_CONVERSION = YES;
				CLANG_WARN_CONSTANT_CONVERSION = YES;
				CLANG_WARN_DIRECT_OBJC_ISA_USAGE = YES_ERROR;
				CLANG_WARN_EMPTY_BODY = YES;
				CLANG_WARN_ENUM_CONVERSION = YES;
				CLANG_WARN_INT_CONVERSION = YES;
				CLANG_WARN_OBJC_ROOT_CLASS = YES_ERROR;
				CLANG_WARN_UNREACHABLE_CODE = YES;
				CLANG_WARN__DUPLICATE_METHOD_MATCH = YES;
				"CODE_SIGN_IDENTITY[sdk=iphoneos*]" = "iPhone Developer";
				COPY_PHASE_STRIP = NO;
				DEBUG_INFORMATION_FORMAT = "dwarf-with-dsym";
				ENABLE_STRICT_OBJC_MSGSEND = YES;
				GCC_C_LANGUAGE_STANDARD = gnu99;
				GCC_DYNAMIC_NO_PIC = NO;
				GCC_NO_COMMON_BLOCKS = YES;
				GCC_OPTIMIZATION_LEVEL = 0;
				GCC_PREPROCESSOR_DEFINITIONS = (
					"DEBUG=1",
					"$(inherited)",
				);
				GCC_SYMBOLS_PRIVATE_EXTERN = NO;
				GCC_WARN_64_TO_32_BIT_CONVERSION = YES;
				GCC_WARN_ABOUT_RETURN_TYPE = YES_ERROR;
				GCC_WARN_UNDECLARED_SELECTOR = YES;
				GCC_WARN_UNINITIALIZED_AUTOS = YES_AGGRESSIVE;
				GCC_WARN_UNUSED_FUNCTION = YES;
				GCC_WARN_UNUSED_VARIABLE = YES;
				IPHONEOS_DEPLOYMENT_TARGET = 8.4;
				MTL_ENABLE_DEBUG_INFO = YES;
				ONLY_ACTIVE_ARCH = YES;
				SDKROOT = iphoneos;
				TARGETED_DEVICE_FAMILY = "1,2";
			};
			name = Debug;
		};
		8F052A9E1BDFC9E80025A369 /* Release */ = {
			isa = XCBuildConfiguration;
			buildSettings = {
				ALWAYS_SEARCH_USER_PATHS = NO;
				CLANG_CXX_LANGUAGE_STANDARD = "gnu++0x";
				CLANG_CXX_LIBRARY = "libc++";
				CLANG_ENABLE_MODULES = YES;
				CLANG_ENABLE_OBJC_ARC = YES;
				CLANG_WARN_BOOL_CONVERSION = YES;
				CLANG_WARN_CONSTANT_CONVERSION = YES;
				CLANG_WARN_DIRECT_OBJC_ISA_USAGE = YES_ERROR;
				CLANG_WARN_EMPTY_BODY = YES;
				CLANG_WARN_ENUM_CONVERSION = YES;
				CLANG_WARN_INT_CONVERSION = YES;
				CLANG_WARN_OBJC_ROOT_CLASS = YES_ERROR;
				CLANG_WARN_UNREACHABLE_CODE = YES;
				CLANG_WARN__DUPLICATE_METHOD_MATCH = YES;
				"CODE_SIGN_IDENTITY[sdk=iphoneos*]" = "iPhone Developer";
				COPY_PHASE_STRIP = NO;
				DEBUG_INFORMATION_FORMAT = "dwarf-with-dsym";
				ENABLE_NS_ASSERTIONS = NO;
				ENABLE_STRICT_OBJC_MSGSEND = YES;
				GCC_C_LANGUAGE_STANDARD = gnu99;
				GCC_NO_COMMON_BLOCKS = YES;
				GCC_WARN_64_TO_32_BIT_CONVERSION = YES;
				GCC_WARN_ABOUT_RETURN_TYPE = YES_ERROR;
				GCC_WARN_UNDECLARED_SELECTOR = YES;
				GCC_WARN_UNINITIALIZED_AUTOS = YES_AGGRESSIVE;
				GCC_WARN_UNUSED_FUNCTION = YES;
				GCC_WARN_UNUSED_VARIABLE = YES;
				IPHONEOS_DEPLOYMENT_TARGET = 8.4;
				MTL_ENABLE_DEBUG_INFO = NO;
				SDKROOT = iphoneos;
				TARGETED_DEVICE_FAMILY = "1,2";
				VALIDATE_PRODUCT = YES;
			};
			name = Release;
		};
		8F052AA01BDFC9E80025A369 /* Debug */ = {
			isa = XCBuildConfiguration;
			buildSettings = {
				ASSETCATALOG_COMPILER_APPICON_NAME = AppIcon;
				HEADER_SEARCH_PATHS = (
					"$(inherited)",
					"\"$(SRCROOT)/Open/include\"",
				);
				INFOPLIST_FILE = Open/Info.plist;
				LD_RUNPATH_SEARCH_PATHS = "$(inherited) @executable_path/Frameworks";
				LIBRARY_SEARCH_PATHS = (
					"$(inherited)",
					"\"$(SRCROOT)/Open/include\"",
				);
				PRODUCT_NAME = "$(TARGET_NAME)";
			};
			name = Debug;
		};
		8F052AA11BDFC9E80025A369 /* Release */ = {
			isa = XCBuildConfiguration;
			buildSettings = {
				ASSETCATALOG_COMPILER_APPICON_NAME = AppIcon;
				HEADER_SEARCH_PATHS = (
					"$(inherited)",
					"\"$(SRCROOT)/Open/include\"",
				);
				INFOPLIST_FILE = Open/Info.plist;
				LD_RUNPATH_SEARCH_PATHS = "$(inherited) @executable_path/Frameworks";
				LIBRARY_SEARCH_PATHS = (
					"$(inherited)",
					"\"$(SRCROOT)/Open/include\"",
				);
				PRODUCT_NAME = "$(TARGET_NAME)";
			};
			name = Release;
		};
		8F052AA31BDFC9E80025A369 /* Debug */ = {
			isa = XCBuildConfiguration;
			buildSettings = {
				BUNDLE_LOADER = "$(TEST_HOST)";
				FRAMEWORK_SEARCH_PATHS = (
					"$(SDKROOT)/Developer/Library/Frameworks",
					"$(inherited)",
				);
				GCC_PREPROCESSOR_DEFINITIONS = (
					"DEBUG=1",
					"$(inherited)",
				);
				INFOPLIST_FILE = OpenTests/Info.plist;
				LD_RUNPATH_SEARCH_PATHS = "$(inherited) @executable_path/Frameworks @loader_path/Frameworks";
				PRODUCT_NAME = "$(TARGET_NAME)";
				TEST_HOST = "$(BUILT_PRODUCTS_DIR)/Open.app/Open";
			};
			name = Debug;
		};
		8F052AA41BDFC9E80025A369 /* Release */ = {
			isa = XCBuildConfiguration;
			buildSettings = {
				BUNDLE_LOADER = "$(TEST_HOST)";
				FRAMEWORK_SEARCH_PATHS = (
					"$(SDKROOT)/Developer/Library/Frameworks",
					"$(inherited)",
				);
				INFOPLIST_FILE = OpenTests/Info.plist;
				LD_RUNPATH_SEARCH_PATHS = "$(inherited) @executable_path/Frameworks @loader_path/Frameworks";
				PRODUCT_NAME = "$(TARGET_NAME)";
				TEST_HOST = "$(BUILT_PRODUCTS_DIR)/Open.app/Open";
			};
			name = Release;
		};
/* End XCBuildConfiguration section */

/* Begin XCConfigurationList section */
		8F052A741BDFC9E70025A369 /* Build configuration list for PBXProject "Open" */ = {
			isa = XCConfigurationList;
			buildConfigurations = (
				8F052A9D1BDFC9E80025A369 /* Debug */,
				8F052A9E1BDFC9E80025A369 /* Release */,
			);
			defaultConfigurationIsVisible = 0;
			defaultConfigurationName = Release;
		};
		8F052A9F1BDFC9E80025A369 /* Build configuration list for PBXNativeTarget "Open" */ = {
			isa = XCConfigurationList;
			buildConfigurations = (
				8F052AA01BDFC9E80025A369 /* Debug */,
				8F052AA11BDFC9E80025A369 /* Release */,
			);
			defaultConfigurationIsVisible = 0;
			defaultConfigurationName = Release;
		};
		8F052AA21BDFC9E80025A369 /* Build configuration list for PBXNativeTarget "OpenTests" */ = {
			isa = XCConfigurationList;
			buildConfigurations = (
				8F052AA31BDFC9E80025A369 /* Debug */,
				8F052AA41BDFC9E80025A369 /* Release */,
			);
			defaultConfigurationIsVisible = 0;
			defaultConfigurationName = Release;
		};
/* End XCConfigurationList section */

/* Begin XCVersionGroup section */
		8F052A831BDFC9E80025A369 /* Open.xcdatamodeld */ = {
			isa = XCVersionGroup;
			children = (
				8F052A841BDFC9E80025A369 /* Open.xcdatamodel */,
			);
			currentVersion = 8F052A841BDFC9E80025A369 /* Open.xcdatamodel */;
			path = Open.xcdatamodeld;
			sourceTree = "<group>";
			versionGroupType = wrapper.xcdatamodel;
		};
/* End XCVersionGroup section */
	};
	rootObject = 8F052A711BDFC9E70025A369 /* Project object */;
}
