// !$*UTF8*$!
{
	archiveVersion = 1;
	classes = {
	};
	objectVersion = 46;
	objects = {

/* Begin PBXBuildFile section */
		8F052A7F1BDFC9E80025A369 /* main.m in Sources */ = {isa = PBXBuildFile; fileRef = 8F052A7E1BDFC9E80025A369 /* main.m */; };
		8F052A821BDFC9E80025A369 /* AppDelegate.m in Sources */ = {isa = PBXBuildFile; fileRef = 8F052A811BDFC9E80025A369 /* AppDelegate.m */; };
		8F052A851BDFC9E80025A369 /* Open.xcdatamodeld in Sources */ = {isa = PBXBuildFile; fileRef = 8F052A831BDFC9E80025A369 /* Open.xcdatamodeld */; };
		8F052A881BDFC9E80025A369 /* ViewController.m in Sources */ = {isa = PBXBuildFile; fileRef = 8F052A871BDFC9E80025A369 /* ViewController.m */; };
		8F052A8B1BDFC9E80025A369 /* Main.storyboard in Resources */ = {isa = PBXBuildFile; fileRef = 8F052A891BDFC9E80025A369 /* Main.storyboard */; };
		8F052A8D1BDFC9E80025A369 /* Images.xcassets in Resources */ = {isa = PBXBuildFile; fileRef = 8F052A8C1BDFC9E80025A369 /* Images.xcassets */; };
		8F052A901BDFC9E80025A369 /* LaunchScreen.xib in Resources */ = {isa = PBXBuildFile; fileRef = 8F052A8E1BDFC9E80025A369 /* LaunchScreen.xib */; };
		8F052A9C1BDFC9E80025A369 /* OpenTests.m in Sources */ = {isa = PBXBuildFile; fileRef = 8F052A9B1BDFC9E80025A369 /* OpenTests.m */; };
/* End PBXBuildFile section */

/* Begin PBXContainerItemProxy section */
		8F052A961BDFC9E80025A369 /* PBXContainerItemProxy */ = {
			isa = PBXContainerItemProxy;
			containerPortal = 8F052A711BDFC9E70025A369 /* Project object */;
			proxyType = 1;
			remoteGlobalIDString = 8F052A781BDFC9E70025A369;
			remoteInfo = Open;
		};
/* End PBXContainerItemProxy section */

/* Begin PBXFileReference section */
		8F052A791BDFC9E70025A369 /* Open.app */ = {isa = PBXFileReference; explicitFileType = wrapper.application; includeInIndex = 0; path = Open.app; sourceTree = BUILT_PRODUCTS_DIR; };
		8F052A7D1BDFC9E80025A369 /* Info.plist */ = {isa = PBXFileReference; lastKnownFileType = text.plist.xml; path = Info.plist; sourceTree = "<group>"; };
		8F052A7E1BDFC9E80025A369 /* main.m */ = {isa = PBXFileReference; lastKnownFileType = sourcecode.c.objc; path = main.m; sourceTree = "<group>"; };
		8F052A801BDFC9E80025A369 /* AppDelegate.h */ = {isa = PBXFileReference; lastKnownFileType = sourcecode.c.h; path = AppDelegate.h; sourceTree = "<group>"; };
		8F052A811BDFC9E80025A369 /* AppDelegate.m */ = {isa = PBXFileReference; lastKnownFileType = sourcecode.c.objc; path = AppDelegate.m; sourceTree = "<group>"; };
		8F052A841BDFC9E80025A369 /* Open.xcdatamodel */ = {isa = PBXFileReference; lastKnownFileType = wrapper.xcdatamodel; path = Open.xcdatamodel; sourceTree = "<group>"; };
		8F052A861BDFC9E80025A369 /* ViewController.h */ = {isa = PBXFileReference; lastKnownFileType = sourcecode.c.h; path = ViewController.h; sourceTree = "<group>"; };
		8F052A871BDFC9E80025A369 /* ViewController.m */ = {isa = PBXFileReference; lastKnownFileType = sourcecode.c.objc; path = ViewController.m; sourceTree = "<group>"; };
		8F052A8A1BDFC9E80025A369 /* Base */ = {isa = PBXFileReference; lastKnownFileType = file.storyboard; name = Base; path = Base.lproj/Main.storyboard; sourceTree = "<group>"; };
		8F052A8C1BDFC9E80025A369 /* Images.xcassets */ = {isa = PBXFileReference; lastKnownFileType = folder.assetcatalog; path = Images.xcassets; sourceTree = "<group>"; };
		8F052A8F1BDFC9E80025A369 /* Base */ = {isa = PBXFileReference; lastKnownFileType = file.xib; name = Base; path = Base.lproj/LaunchScreen.xib; sourceTree = "<group>"; };
		8F052A951BDFC9E80025A369 /* OpenTests.xctest */ = {isa = PBXFileReference; explicitFileType = wrapper.cfbundle; includeInIndex = 0; path = OpenTests.xctest; sourceTree = BUILT_PRODUCTS_DIR; };
		8F052A9A1BDFC9E80025A369 /* Info.plist */ = {isa = PBXFileReference; lastKnownFileType = text.plist.xml; path = Info.plist; sourceTree = "<group>"; };
		8F052A9B1BDFC9E80025A369 /* OpenTests.m */ = {isa = PBXFileReference; lastKnownFileType = sourcecode.c.objc; path = OpenTests.m; sourceTree = "<group>"; };
/* End PBXFileReference section */

/* Begin PBXFrameworksBuildPhase section */
		8F052A761BDFC9E70025A369 /* Frameworks */ = {
			isa = PBXFrameworksBuildPhase;
			buildActionMask = 2147483647;
			files = (
			);
			runOnlyForDeploymentPostprocessing = 0;
		};
		8F052A921BDFC9E80025A369 /* Frameworks */ = {
			isa = PBXFrameworksBuildPhase;
			buildActionMask = 2147483647;
			files = (
			);
			runOnlyForDeploymentPostprocessing = 0;
		};
/* End PBXFrameworksBuildPhase section */

/* Begin PBXGroup section */
		8F052A701BDFC9E70025A369 = {
			isa = PBXGroup;
			children = (
				8F052A7B1BDFC9E70025A369 /* Open */,
				8F052A981BDFC9E80025A369 /* OpenTests */,
				8F052A7A1BDFC9E70025A369 /* Products */,
			);
			sourceTree = "<group>";
		};
		8F052A7A1BDFC9E70025A369 /* Products */ = {
			isa = PBXGroup;
			children = (
				8F052A791BDFC9E70025A369 /* Open.app */,
				8F052A951BDFC9E80025A369 /* OpenTests.xctest */,
			);
			name = Products;
			sourceTree = "<group>";
		};
		8F052A7B1BDFC9E70025A369 /* Open */ = {
			isa = PBXGroup;
			children = (
				8F052A801BDFC9E80025A369 /* AppDelegate.h */,
				8F052A811BDFC9E80025A369 /* AppDelegate.m */,
				8F052A861BDFC9E80025A369 /* ViewController.h */,
				8F052A871BDFC9E80025A369 /* ViewController.m */,
				8F052A891BDFC9E80025A369 /* Main.storyboard */,
				8F052A8C1BDFC9E80025A369 /* Images.xcassets */,
				8F052A8E1BDFC9E80025A369 /* LaunchScreen.xib */,
				8F052A831BDFC9E80025A369 /* Open.xcdatamodeld */,
				8F052A7C1BDFC9E80025A369 /* Supporting Files */,
			);
			path = Open;
			sourceTree = "<group>";
		};
		8F052A7C1BDFC9E80025A369 /* Supporting Files */ = {
			isa = PBXGroup;
			children = (
				8F052A7D1BDFC9E80025A369 /* Info.plist */,
				8F052A7E1BDFC9E80025A369 /* main.m */,
			);
			name = "Supporting Files";
			sourceTree = "<group>";
		};
		8F052A981BDFC9E80025A369 /* OpenTests */ = {
			isa = PBXGroup;
			children = (
				8F052A9B1BDFC9E80025A369 /* OpenTests.m */,
				8F052A991BDFC9E80025A369 /* Supporting Files */,
			);
			path = OpenTests;
			sourceTree = "<group>";
		};
		8F052A991BDFC9E80025A369 /* Supporting Files */ = {
			isa = PBXGroup;
			children = (
				8F052A9A1BDFC9E80025A369 /* Info.plist */,
			);
			name = "Supporting Files";
			sourceTree = "<group>";
		};
/* End PBXGroup section */

/* Begin PBXNativeTarget section */
		8F052A781BDFC9E70025A369 /* Open */ = {
			isa = PBXNativeTarget;
			buildConfigurationList = 8F052A9F1BDFC9E80025A369 /* Build configuration list for PBXNativeTarget "Open" */;
			buildPhases = (
				8F052A751BDFC9E70025A369 /* Sources */,
				8F052A761BDFC9E70025A369 /* Frameworks */,
				8F052A771BDFC9E70025A369 /* Resources */,
			);
			buildRules = (
			);
			dependencies = (
			);
			name = Open;
			productName = Open;
			productReference = 8F052A791BDFC9E70025A369 /* Open.app */;
			productType = "com.apple.product-type.application";
		};
		8F052A941BDFC9E80025A369 /* OpenTests */ = {
			isa = PBXNativeTarget;
			buildConfigurationList = 8F052AA21BDFC9E80025A369 /* Build configuration list for PBXNativeTarget "OpenTests" */;
			buildPhases = (
				8F052A911BDFC9E80025A369 /* Sources */,
				8F052A921BDFC9E80025A369 /* Frameworks */,
				8F052A931BDFC9E80025A369 /* Resources */,
			);
			buildRules = (
			);
			dependencies = (
				8F052A971BDFC9E80025A369 /* PBXTargetDependency */,
			);
			name = OpenTests;
			productName = OpenTests;
			productReference = 8F052A951BDFC9E80025A369 /* OpenTests.xctest */;
			productType = "com.apple.product-type.bundle.unit-test";
		};
/* End PBXNativeTarget section */

/* Begin PBXProject section */
		8F052A711BDFC9E70025A369 /* Project object */ = {
			isa = PBXProject;
			attributes = {
				LastUpgradeCheck = 0640;
				ORGANIZATIONNAME = Afer;
				TargetAttributes = {
					8F052A781BDFC9E70025A369 = {
						CreatedOnToolsVersion = 6.4;
					};
					8F052A941BDFC9E80025A369 = {
						CreatedOnToolsVersion = 6.4;
						TestTargetID = 8F052A781BDFC9E70025A369;
					};
				};
			};
			buildConfigurationList = 8F052A741BDFC9E70025A369 /* Build configuration list for PBXProject "Open" */;
			compatibilityVersion = "Xcode 3.2";
			developmentRegion = English;
			hasScannedForEncodings = 0;
			knownRegions = (
				en,
				Base,
			);
			mainGroup = 8F052A701BDFC9E70025A369;
			productRefGroup = 8F052A7A1BDFC9E70025A369 /* Products */;
			projectDirPath = "";
			projectRoot = "";
			targets = (
				8F052A781BDFC9E70025A369 /* Open */,
				8F052A941BDFC9E80025A369 /* OpenTests */,
			);
		};
/* End PBXProject section */

/* Begin PBXResourcesBuildPhase section */
		8F052A771BDFC9E70025A369 /* Resources */ = {
			isa = PBXResourcesBuildPhase;
			buildActionMask = 2147483647;
			files = (
				8F052A8B1BDFC9E80025A369 /* Main.storyboard in Resources */,
				8F052A901BDFC9E80025A369 /* LaunchScreen.xib in Resources */,
				8F052A8D1BDFC9E80025A369 /* Images.xcassets in Resources */,
			);
			runOnlyForDeploymentPostprocessing = 0;
		};
		8F052A931BDFC9E80025A369 /* Resources */ = {
			isa = PBXResourcesBuildPhase;
			buildActionMask = 2147483647;
			files = (
			);
			runOnlyForDeploymentPostprocessing = 0;
		};
/* End PBXResourcesBuildPhase section */

/* Begin PBXSourcesBuildPhase section */
		8F052A751BDFC9E70025A369 /* Sources */ = {
			isa = PBXSourcesBuildPhase;
			buildActionMask = 2147483647;
			files = (
				8F052A821BDFC9E80025A369 /* AppDelegate.m in Sources */,
				8F052A7F1BDFC9E80025A369 /* main.m in Sources */,
				8F052A881BDFC9E80025A369 /* ViewController.m in Sources */,
				8F052A851BDFC9E80025A369 /* Open.xcdatamodeld in Sources */,
			);
			runOnlyForDeploymentPostprocessing = 0;
		};
		8F052A911BDFC9E80025A369 /* Sources */ = {
			isa = PBXSourcesBuildPhase;
			buildActionMask = 2147483647;
			files = (
				8F052A9C1BDFC9E80025A369 /* OpenTests.m in Sources */,
			);
			runOnlyForDeploymentPostprocessing = 0;
		};
/* End PBXSourcesBuildPhase section */

/* Begin PBXTargetDependency section */
		8F052A971BDFC9E80025A369 /* PBXTargetDependency */ = {
			isa = PBXTargetDependency;
			target = 8F052A781BDFC9E70025A369 /* Open */;
			targetProxy = 8F052A961BDFC9E80025A369 /* PBXContainerItemProxy */;
		};
/* End PBXTargetDependency section */

/* Begin PBXVariantGroup section */
		8F052A891BDFC9E80025A369 /* Main.storyboard */ = {
			isa = PBXVariantGroup;
			children = (
				8F052A8A1BDFC9E80025A369 /* Base */,
			);
			name = Main.storyboard;
			sourceTree = "<group>";
		};
		8F052A8E1BDFC9E80025A369 /* LaunchScreen.xib */ = {
			isa = PBXVariantGroup;
			children = (
				8F052A8F1BDFC9E80025A369 /* Base */,
			);
			name = LaunchScreen.xib;
			sourceTree = "<group>";
		};
/* End PBXVariantGroup section */

/* Begin XCBuildConfiguration section */
		8F052A9D1BDFC9E80025A369 /* Debug */ = {
			isa = XCBuildConfiguration;
			buildSettings = {
				ALWAYS_SEARCH_USER_PATHS = NO;
				CLANG_CXX_LANGUAGE_STANDARD = "gnu++0x";
				CLANG_CXX_LIBRARY = "libc++";
				CLANG_ENABLE_MODULES = YES;
				CLANG_ENABLE_OBJC_ARC = YES;
				CLANG_WARN_BOOL_CONVERSION = YES;
				CLANG_WARN_CONSTANT_CONVERSION = YES;
				CLANG_WARN_DIRECT_OBJC_ISA_USAGE = YES_ERROR;
				CLANG_WARN_EMPTY_BODY = YES;
				CLANG_WARN_ENUM_CONVERSION = YES;
				CLANG_WARN_INT_CONVERSION = YES;
				CLANG_WARN_OBJC_ROOT_CLASS = YES_ERROR;
				CLANG_WARN_UNREACHABLE_CODE = YES;
				CLANG_WARN__DUPLICATE_METHOD_MATCH = YES;
				"CODE_SIGN_IDENTITY[sdk=iphoneos*]" = "iPhone Developer";
				COPY_PHASE_STRIP = NO;
				DEBUG_INFORMATION_FORMAT = "dwarf-with-dsym";
				ENABLE_STRICT_OBJC_MSGSEND = YES;
				GCC_C_LANGUAGE_STANDARD = gnu99;
				GCC_DYNAMIC_NO_PIC = NO;
				GCC_NO_COMMON_BLOCKS = YES;
				GCC_OPTIMIZATION_LEVEL = 0;
				GCC_PREPROCESSOR_DEFINITIONS = (
					"DEBUG=1",
					"$(inherited)",
				);
				GCC_SYMBOLS_PRIVATE_EXTERN = NO;
				GCC_WARN_64_TO_32_BIT_CONVERSION = YES;
				GCC_WARN_ABOUT_RETURN_TYPE = YES_ERROR;
				GCC_WARN_UNDECLARED_SELECTOR = YES;
				GCC_WARN_UNINITIALIZED_AUTOS = YES_AGGRESSIVE;
				GCC_WARN_UNUSED_FUNCTION = YES;
				GCC_WARN_UNUSED_VARIABLE = YES;
				IPHONEOS_DEPLOYMENT_TARGET = 8.4;
				MTL_ENABLE_DEBUG_INFO = YES;
				ONLY_ACTIVE_ARCH = YES;
				SDKROOT = iphoneos;
				TARGETED_DEVICE_FAMILY = "1,2";
			};
			name = Debug;
		};
		8F052A9E1BDFC9E80025A369 /* Release */ = {
			isa = XCBuildConfiguration;
			buildSettings = {
				ALWAYS_SEARCH_USER_PATHS = NO;
				CLANG_CXX_LANGUAGE_STANDARD = "gnu++0x";
				CLANG_CXX_LIBRARY = "libc++";
				CLANG_ENABLE_MODULES = YES;
				CLANG_ENABLE_OBJC_ARC = YES;
				CLANG_WARN_BOOL_CONVERSION = YES;
				CLANG_WARN_CONSTANT_CONVERSION = YES;
				CLANG_WARN_DIRECT_OBJC_ISA_USAGE = YES_ERROR;
				CLANG_WARN_EMPTY_BODY = YES;
				CLANG_WARN_ENUM_CONVERSION = YES;
				CLANG_WARN_INT_CONVERSION = YES;
				CLANG_WARN_OBJC_ROOT_CLASS = YES_ERROR;
				CLANG_WARN_UNREACHABLE_CODE = YES;
				CLANG_WARN__DUPLICATE_METHOD_MATCH = YES;
				"CODE_SIGN_IDENTITY[sdk=iphoneos*]" = "iPhone Developer";
				COPY_PHASE_STRIP = NO;
				DEBUG_INFORMATION_FORMAT = "dwarf-with-dsym";
				ENABLE_NS_ASSERTIONS = NO;
				ENABLE_STRICT_OBJC_MSGSEND = YES;
				GCC_C_LANGUAGE_STANDARD = gnu99;
				GCC_NO_COMMON_BLOCKS = YES;
				GCC_WARN_64_TO_32_BIT_CONVERSION = YES;
				GCC_WARN_ABOUT_RETURN_TYPE = YES_ERROR;
				GCC_WARN_UNDECLARED_SELECTOR = YES;
				GCC_WARN_UNINITIALIZED_AUTOS = YES_AGGRESSIVE;
				GCC_WARN_UNUSED_FUNCTION = YES;
				GCC_WARN_UNUSED_VARIABLE = YES;
				IPHONEOS_DEPLOYMENT_TARGET = 8.4;
				MTL_ENABLE_DEBUG_INFO = NO;
				SDKROOT = iphoneos;
				TARGETED_DEVICE_FAMILY = "1,2";
				VALIDATE_PRODUCT = YES;
			};
			name = Release;
		};
		8F052AA01BDFC9E80025A369 /* Debug */ = {
			isa = XCBuildConfiguration;
			buildSettings = {
				ASSETCATALOG_COMPILER_APPICON_NAME = AppIcon;
				INFOPLIST_FILE = Open/Info.plist;
				LD_RUNPATH_SEARCH_PATHS = "$(inherited) @executable_path/Frameworks";
				PRODUCT_NAME = "$(TARGET_NAME)";
			};
			name = Debug;
		};
		8F052AA11BDFC9E80025A369 /* Release */ = {
			isa = XCBuildConfiguration;
			buildSettings = {
				ASSETCATALOG_COMPILER_APPICON_NAME = AppIcon;
				INFOPLIST_FILE = Open/Info.plist;
				LD_RUNPATH_SEARCH_PATHS = "$(inherited) @executable_path/Frameworks";
				PRODUCT_NAME = "$(TARGET_NAME)";
			};
			name = Release;
		};
		8F052AA31BDFC9E80025A369 /* Debug */ = {
			isa = XCBuildConfiguration;
			buildSettings = {
				BUNDLE_LOADER = "$(TEST_HOST)";
				FRAMEWORK_SEARCH_PATHS = (
					"$(SDKROOT)/Developer/Library/Frameworks",
					"$(inherited)",
				);
				GCC_PREPROCESSOR_DEFINITIONS = (
					"DEBUG=1",
					"$(inherited)",
				);
				INFOPLIST_FILE = OpenTests/Info.plist;
				LD_RUNPATH_SEARCH_PATHS = "$(inherited) @executable_path/Frameworks @loader_path/Frameworks";
				PRODUCT_NAME = "$(TARGET_NAME)";
				TEST_HOST = "$(BUILT_PRODUCTS_DIR)/Open.app/Open";
			};
			name = Debug;
		};
		8F052AA41BDFC9E80025A369 /* Release */ = {
			isa = XCBuildConfiguration;
			buildSettings = {
				BUNDLE_LOADER = "$(TEST_HOST)";
				FRAMEWORK_SEARCH_PATHS = (
					"$(SDKROOT)/Developer/Library/Frameworks",
					"$(inherited)",
				);
				INFOPLIST_FILE = OpenTests/Info.plist;
				LD_RUNPATH_SEARCH_PATHS = "$(inherited) @executable_path/Frameworks @loader_path/Frameworks";
				PRODUCT_NAME = "$(TARGET_NAME)";
				TEST_HOST = "$(BUILT_PRODUCTS_DIR)/Open.app/Open";
			};
			name = Release;
		};
/* End XCBuildConfiguration section */

/* Begin XCConfigurationList section */
		8F052A741BDFC9E70025A369 /* Build configuration list for PBXProject "Open" */ = {
			isa = XCConfigurationList;
			buildConfigurations = (
				8F052A9D1BDFC9E80025A369 /* Debug */,
				8F052A9E1BDFC9E80025A369 /* Release */,
			);
			defaultConfigurationIsVisible = 0;
			defaultConfigurationName = Release;
		};
		8F052A9F1BDFC9E80025A369 /* Build configuration list for PBXNativeTarget "Open" */ = {
			isa = XCConfigurationList;
			buildConfigurations = (
				8F052AA01BDFC9E80025A369 /* Debug */,
				8F052AA11BDFC9E80025A369 /* Release */,
			);
			defaultConfigurationIsVisible = 0;
		};
		8F052AA21BDFC9E80025A369 /* Build configuration list for PBXNativeTarget "OpenTests" */ = {
			isa = XCConfigurationList;
			buildConfigurations = (
				8F052AA31BDFC9E80025A369 /* Debug */,
				8F052AA41BDFC9E80025A369 /* Release */,
			);
			defaultConfigurationIsVisible = 0;
		};
/* End XCConfigurationList section */

/* Begin XCVersionGroup section */
		8F052A831BDFC9E80025A369 /* Open.xcdatamodeld */ = {
			isa = XCVersionGroup;
			children = (
				8F052A841BDFC9E80025A369 /* Open.xcdatamodel */,
			);
			currentVersion = 8F052A841BDFC9E80025A369 /* Open.xcdatamodel */;
			path = Open.xcdatamodeld;
			sourceTree = "<group>";
			versionGroupType = wrapper.xcdatamodel;
		};
/* End XCVersionGroup section */
	};
	rootObject = 8F052A711BDFC9E70025A369 /* Project object */;
}
